
Microsoft Visual Studio Solution File, Format Version 12.00
# Visual Studio Version 17
VisualStudioVersion = 17.9.34321.82
MinimumVisualStudioVersion = 10.0.40219.1
Project("{FAE04EC0-301F-11D3-BF4B-00C04F79EFBC}") = "AdventOfCode", "AdventOfCode\AdventOfCode.csproj", "{3B13F3A6-F665-4CB8-B5FA-AFC38685BED6}"
EndProject
Project("{FAE04EC0-301F-11D3-BF4B-00C04F79EFBC}") = "AdventOfCode.CLI", "AdventOfCode.CLI\AdventOfCode.CLI.csproj", "{FC8BAF1D-1913-48E4-BBE1-E10A74AF0F11}"
EndProject
Project("{FAE04EC0-301F-11D3-BF4B-00C04F79EFBC}") = "AdventOfCode.Core", "AdventOfCode.Core\AdventOfCode.Core.csproj", "{B5B90BA1-2487-474D-A369-74244CF68EAA}"
EndProject
Global
	GlobalSection(SolutionConfigurationPlatforms) = preSolution
		Debug|Any CPU = Debug|Any CPU
		Release|Any CPU = Release|Any CPU
	EndGlobalSection
	GlobalSection(ProjectConfigurationPlatforms) = postSolution
		{3B13F3A6-F665-4CB8-B5FA-AFC38685BED6}.Debug|Any CPU.ActiveCfg = Debug|Any CPU
		{3B13F3A6-F665-4CB8-B5FA-AFC38685BED6}.Debug|Any CPU.Build.0 = Debug|Any CPU
		{3B13F3A6-F665-4CB8-B5FA-AFC38685BED6}.Release|Any CPU.ActiveCfg = Release|Any CPU
		{3B13F3A6-F665-4CB8-B5FA-AFC38685BED6}.Release|Any CPU.Build.0 = Release|Any CPU
		{FC8BAF1D-1913-48E4-BBE1-E10A74AF0F11}.Debug|Any CPU.ActiveCfg = Debug|Any CPU
		{FC8BAF1D-1913-48E4-BBE1-E10A74AF0F11}.Debug|Any CPU.Build.0 = Debug|Any CPU
		{FC8BAF1D-1913-48E4-BBE1-E10A74AF0F11}.Release|Any CPU.ActiveCfg = Release|Any CPU
		{FC8BAF1D-1913-48E4-BBE1-E10A74AF0F11}.Release|Any CPU.Build.0 = Release|Any CPU
		{B5B90BA1-2487-474D-A369-74244CF68EAA}.Debug|Any CPU.ActiveCfg = Debug|Any CPU
		{B5B90BA1-2487-474D-A369-74244CF68EAA}.Debug|Any CPU.Build.0 = Debug|Any CPU
		{B5B90BA1-2487-474D-A369-74244CF68EAA}.Release|Any CPU.ActiveCfg = Release|Any CPU
		{B5B90BA1-2487-474D-A369-74244CF68EAA}.Release|Any CPU.Build.0 = Release|Any CPU
	EndGlobalSection
	GlobalSection(SolutionProperties) = preSolution
		HideSolutionNode = FALSE
	EndGlobalSection
	GlobalSection(ExtensibilityGlobals) = postSolution
		SolutionGuid = {9AA059D3-286A-4890-89CD-87F378065699}
	EndGlobalSection
EndGlobal
